// !$*UTF8*$!
{
	archiveVersion = 1;
	classes = {
	};
	objectVersion = 46;
	objects = {

/* Begin PBXBuildFile section */
		459215601A5AA2D7009C1D10 /* main.swift in Sources */ = {isa = PBXBuildFile; fileRef = 4592155F1A5AA2D7009C1D10 /* main.swift */; };
		4592156B1A5AA2DC009C1D10 /* main.swift in Sources */ = {isa = PBXBuildFile; fileRef = 4592156A1A5AA2DC009C1D10 /* main.swift */; };
		459215761A5AA2EB009C1D10 /* main.m in Sources */ = {isa = PBXBuildFile; fileRef = 459215751A5AA2EB009C1D10 /* main.m */; };
		459215B01A5AA512009C1D10 /* main.swift in Sources */ = {isa = PBXBuildFile; fileRef = 459215AF1A5AA512009C1D10 /* main.swift */; };
		459215C31A5AA9B3009C1D10 /* main.m in Sources */ = {isa = PBXBuildFile; fileRef = 459215C21A5AA9B3009C1D10 /* main.m */; };
		459215CE1A5AA9BD009C1D10 /* main.cpp in Sources */ = {isa = PBXBuildFile; fileRef = 459215CD1A5AA9BD009C1D10 /* main.cpp */; };
/* End PBXBuildFile section */

/* Begin PBXContainerItemProxy section */
		4542B68D1A5AAC2D009E0C6F /* PBXContainerItemProxy */ = {
			isa = PBXContainerItemProxy;
			containerPortal = 459215261A5AA291009C1D10 /* Project object */;
			proxyType = 1;
			remoteGlobalIDString = 459215BF1A5AA9B3009C1D10;
			remoteInfo = T4OBJC;
		};
		4542B68F1A5AAC2D009E0C6F /* PBXContainerItemProxy */ = {
			isa = PBXContainerItemProxy;
			containerPortal = 459215261A5AA291009C1D10 /* Project object */;
			proxyType = 1;
			remoteGlobalIDString = 459215CA1A5AA9BD009C1D10;
			remoteInfo = "T5C++";
		};
		459215B41A5AA599009C1D10 /* PBXContainerItemProxy */ = {
			isa = PBXContainerItemProxy;
			containerPortal = 459215261A5AA291009C1D10 /* Project object */;
			proxyType = 1;
			remoteGlobalIDString = 4592155C1A5AA2D6009C1D10;
			remoteInfo = T1Swift;
		};
		459215B61A5AA599009C1D10 /* PBXContainerItemProxy */ = {
			isa = PBXContainerItemProxy;
			containerPortal = 459215261A5AA291009C1D10 /* Project object */;
			proxyType = 1;
			remoteGlobalIDString = 459215671A5AA2DB009C1D10;
			remoteInfo = T2Swift;
		};
		459215B81A5AA599009C1D10 /* PBXContainerItemProxy */ = {
			isa = PBXContainerItemProxy;
			containerPortal = 459215261A5AA291009C1D10 /* Project object */;
			proxyType = 1;
			remoteGlobalIDString = 459215721A5AA2EB009C1D10;
			remoteInfo = T3OBJC;
		};
/* End PBXContainerItemProxy section */

/* Begin PBXCopyFilesBuildPhase section */
		4592155B1A5AA2D6009C1D10 /* CopyFiles */ = {
			isa = PBXCopyFilesBuildPhase;
			buildActionMask = 2147483647;
			dstPath = /usr/share/man/man1/;
			dstSubfolderSpec = 0;
			files = (
			);
			runOnlyForDeploymentPostprocessing = 1;
		};
		459215661A5AA2DB009C1D10 /* CopyFiles */ = {
			isa = PBXCopyFilesBuildPhase;
			buildActionMask = 2147483647;
			dstPath = /usr/share/man/man1/;
			dstSubfolderSpec = 0;
			files = (
			);
			runOnlyForDeploymentPostprocessing = 1;
		};
		459215711A5AA2EB009C1D10 /* CopyFiles */ = {
			isa = PBXCopyFilesBuildPhase;
			buildActionMask = 2147483647;
			dstPath = /usr/share/man/man1/;
			dstSubfolderSpec = 0;
			files = (
			);
			runOnlyForDeploymentPostprocessing = 1;
		};
		459215AB1A5AA512009C1D10 /* CopyFiles */ = {
			isa = PBXCopyFilesBuildPhase;
			buildActionMask = 2147483647;
			dstPath = /usr/share/man/man1/;
			dstSubfolderSpec = 0;
			files = (
			);
			runOnlyForDeploymentPostprocessing = 1;
		};
		459215BE1A5AA9B3009C1D10 /* CopyFiles */ = {
			isa = PBXCopyFilesBuildPhase;
			buildActionMask = 2147483647;
			dstPath = /usr/share/man/man1/;
			dstSubfolderSpec = 0;
			files = (
			);
			runOnlyForDeploymentPostprocessing = 1;
		};
		459215C91A5AA9BD009C1D10 /* CopyFiles */ = {
			isa = PBXCopyFilesBuildPhase;
			buildActionMask = 2147483647;
			dstPath = /usr/share/man/man1/;
			dstSubfolderSpec = 0;
			files = (
			);
			runOnlyForDeploymentPostprocessing = 1;
		};
/* End PBXCopyFilesBuildPhase section */

/* Begin PBXFileReference section */
		4592155D1A5AA2D6009C1D10 /* T1Swift */ = {isa = PBXFileReference; explicitFileType = "compiled.mach-o.executable"; includeInIndex = 0; path = T1Swift; sourceTree = BUILT_PRODUCTS_DIR; };
		4592155F1A5AA2D7009C1D10 /* main.swift */ = {isa = PBXFileReference; lastKnownFileType = sourcecode.swift; path = main.swift; sourceTree = "<group>"; };
		459215681A5AA2DB009C1D10 /* T2Swift */ = {isa = PBXFileReference; explicitFileType = "compiled.mach-o.executable"; includeInIndex = 0; path = T2Swift; sourceTree = BUILT_PRODUCTS_DIR; };
		4592156A1A5AA2DC009C1D10 /* main.swift */ = {isa = PBXFileReference; lastKnownFileType = sourcecode.swift; path = main.swift; sourceTree = "<group>"; };
		459215731A5AA2EB009C1D10 /* T3OBJC */ = {isa = PBXFileReference; explicitFileType = "compiled.mach-o.executable"; includeInIndex = 0; path = T3OBJC; sourceTree = BUILT_PRODUCTS_DIR; };
		459215751A5AA2EB009C1D10 /* main.m */ = {isa = PBXFileReference; lastKnownFileType = sourcecode.c.objc; path = main.m; sourceTree = "<group>"; };
		459215AD1A5AA512009C1D10 /* TestAll */ = {isa = PBXFileReference; explicitFileType = "compiled.mach-o.executable"; includeInIndex = 0; path = TestAll; sourceTree = BUILT_PRODUCTS_DIR; };
		459215AF1A5AA512009C1D10 /* main.swift */ = {isa = PBXFileReference; lastKnownFileType = sourcecode.swift; path = main.swift; sourceTree = "<group>"; };
		459215C01A5AA9B3009C1D10 /* T4OBJC */ = {isa = PBXFileReference; explicitFileType = "compiled.mach-o.executable"; includeInIndex = 0; path = T4OBJC; sourceTree = BUILT_PRODUCTS_DIR; };
		459215C21A5AA9B3009C1D10 /* main.m */ = {isa = PBXFileReference; lastKnownFileType = sourcecode.c.objc; path = main.m; sourceTree = "<group>"; };
		459215CB1A5AA9BD009C1D10 /* T5C++ */ = {isa = PBXFileReference; explicitFileType = "compiled.mach-o.executable"; includeInIndex = 0; path = "T5C++"; sourceTree = BUILT_PRODUCTS_DIR; };
		459215CD1A5AA9BD009C1D10 /* main.cpp */ = {isa = PBXFileReference; lastKnownFileType = sourcecode.cpp.cpp; path = main.cpp; sourceTree = "<group>"; };
/* End PBXFileReference section */

/* Begin PBXFrameworksBuildPhase section */
		4592155A1A5AA2D6009C1D10 /* Frameworks */ = {
			isa = PBXFrameworksBuildPhase;
			buildActionMask = 2147483647;
			files = (
			);
			runOnlyForDeploymentPostprocessing = 0;
		};
		459215651A5AA2DB009C1D10 /* Frameworks */ = {
			isa = PBXFrameworksBuildPhase;
			buildActionMask = 2147483647;
			files = (
			);
			runOnlyForDeploymentPostprocessing = 0;
		};
		459215701A5AA2EB009C1D10 /* Frameworks */ = {
			isa = PBXFrameworksBuildPhase;
			buildActionMask = 2147483647;
			files = (
			);
			runOnlyForDeploymentPostprocessing = 0;
		};
		459215AA1A5AA512009C1D10 /* Frameworks */ = {
			isa = PBXFrameworksBuildPhase;
			buildActionMask = 2147483647;
			files = (
			);
			runOnlyForDeploymentPostprocessing = 0;
		};
		459215BD1A5AA9B3009C1D10 /* Frameworks */ = {
			isa = PBXFrameworksBuildPhase;
			buildActionMask = 2147483647;
			files = (
			);
			runOnlyForDeploymentPostprocessing = 0;
		};
		459215C81A5AA9BD009C1D10 /* Frameworks */ = {
			isa = PBXFrameworksBuildPhase;
			buildActionMask = 2147483647;
			files = (
			);
			runOnlyForDeploymentPostprocessing = 0;
		};
/* End PBXFrameworksBuildPhase section */

/* Begin PBXGroup section */
		459215251A5AA291009C1D10 = {
			isa = PBXGroup;
			children = (
				4592155E1A5AA2D7009C1D10 /* T1Swift */,
				459215691A5AA2DC009C1D10 /* T2Swift */,
				459215741A5AA2EB009C1D10 /* T3OBJC */,
				459215C11A5AA9B3009C1D10 /* T4OBJC */,
				459215CC1A5AA9BD009C1D10 /* T5C++ */,
				459215AE1A5AA512009C1D10 /* TestAll */,
				459215311A5AA298009C1D10 /* Products */,
			);
			sourceTree = "<group>";
		};
		459215311A5AA298009C1D10 /* Products */ = {
			isa = PBXGroup;
			children = (
				4592155D1A5AA2D6009C1D10 /* T1Swift */,
				459215681A5AA2DB009C1D10 /* T2Swift */,
				459215731A5AA2EB009C1D10 /* T3OBJC */,
				459215AD1A5AA512009C1D10 /* TestAll */,
				459215C01A5AA9B3009C1D10 /* T4OBJC */,
				459215CB1A5AA9BD009C1D10 /* T5C++ */,
			);
			name = Products;
			sourceTree = "<group>";
		};
		4592155E1A5AA2D7009C1D10 /* T1Swift */ = {
			isa = PBXGroup;
			children = (
				4592155F1A5AA2D7009C1D10 /* main.swift */,
			);
			path = T1Swift;
			sourceTree = "<group>";
		};
		459215691A5AA2DC009C1D10 /* T2Swift */ = {
			isa = PBXGroup;
			children = (
				4592156A1A5AA2DC009C1D10 /* main.swift */,
			);
			path = T2Swift;
			sourceTree = "<group>";
		};
		459215741A5AA2EB009C1D10 /* T3OBJC */ = {
			isa = PBXGroup;
			children = (
				459215751A5AA2EB009C1D10 /* main.m */,
			);
			path = T3OBJC;
			sourceTree = "<group>";
		};
		459215AE1A5AA512009C1D10 /* TestAll */ = {
			isa = PBXGroup;
			children = (
				459215AF1A5AA512009C1D10 /* main.swift */,
			);
			path = TestAll;
			sourceTree = "<group>";
		};
		459215C11A5AA9B3009C1D10 /* T4OBJC */ = {
			isa = PBXGroup;
			children = (
				459215C21A5AA9B3009C1D10 /* main.m */,
			);
			path = T4OBJC;
			sourceTree = "<group>";
		};
		459215CC1A5AA9BD009C1D10 /* T5C++ */ = {
			isa = PBXGroup;
			children = (
				459215CD1A5AA9BD009C1D10 /* main.cpp */,
			);
			path = "T5C++";
			sourceTree = "<group>";
		};
/* End PBXGroup section */

/* Begin PBXNativeTarget section */
		4592155C1A5AA2D6009C1D10 /* T1Swift */ = {
			isa = PBXNativeTarget;
			buildConfigurationList = 459215611A5AA2D7009C1D10 /* Build configuration list for PBXNativeTarget "T1Swift" */;
			buildPhases = (
				459215591A5AA2D6009C1D10 /* Sources */,
				4592155A1A5AA2D6009C1D10 /* Frameworks */,
				4592155B1A5AA2D6009C1D10 /* CopyFiles */,
			);
			buildRules = (
			);
			dependencies = (
			);
			name = T1Swift;
			productName = T1Swift;
			productReference = 4592155D1A5AA2D6009C1D10 /* T1Swift */;
			productType = "com.apple.product-type.tool";
		};
		459215671A5AA2DB009C1D10 /* T2Swift */ = {
			isa = PBXNativeTarget;
			buildConfigurationList = 4592156C1A5AA2DC009C1D10 /* Build configuration list for PBXNativeTarget "T2Swift" */;
			buildPhases = (
				459215641A5AA2DB009C1D10 /* Sources */,
				459215651A5AA2DB009C1D10 /* Frameworks */,
				459215661A5AA2DB009C1D10 /* CopyFiles */,
			);
			buildRules = (
			);
			dependencies = (
			);
			name = T2Swift;
			productName = T2Swift;
			productReference = 459215681A5AA2DB009C1D10 /* T2Swift */;
			productType = "com.apple.product-type.tool";
		};
		459215721A5AA2EB009C1D10 /* T3OBJC */ = {
			isa = PBXNativeTarget;
			buildConfigurationList = 459215771A5AA2EB009C1D10 /* Build configuration list for PBXNativeTarget "T3OBJC" */;
			buildPhases = (
				4592156F1A5AA2EB009C1D10 /* Sources */,
				459215701A5AA2EB009C1D10 /* Frameworks */,
				459215711A5AA2EB009C1D10 /* CopyFiles */,
			);
			buildRules = (
			);
			dependencies = (
			);
			name = T3OBJC;
			productName = T3OBJC;
			productReference = 459215731A5AA2EB009C1D10 /* T3OBJC */;
			productType = "com.apple.product-type.tool";
		};
		459215AC1A5AA512009C1D10 /* TestAll */ = {
			isa = PBXNativeTarget;
			buildConfigurationList = 459215B11A5AA512009C1D10 /* Build configuration list for PBXNativeTarget "TestAll" */;
			buildPhases = (
				459215A91A5AA512009C1D10 /* Sources */,
				459215AA1A5AA512009C1D10 /* Frameworks */,
				459215AB1A5AA512009C1D10 /* CopyFiles */,
			);
			buildRules = (
			);
			dependencies = (
				459215B51A5AA599009C1D10 /* PBXTargetDependency */,
				459215B71A5AA599009C1D10 /* PBXTargetDependency */,
				459215B91A5AA599009C1D10 /* PBXTargetDependency */,
				4542B68E1A5AAC2D009E0C6F /* PBXTargetDependency */,
				4542B6901A5AAC2D009E0C6F /* PBXTargetDependency */,
			);
			name = TestAll;
			productName = TestAll;
			productReference = 459215AD1A5AA512009C1D10 /* TestAll */;
			productType = "com.apple.product-type.tool";
		};
		459215BF1A5AA9B3009C1D10 /* T4OBJC */ = {
			isa = PBXNativeTarget;
			buildConfigurationList = 459215C41A5AA9B3009C1D10 /* Build configuration list for PBXNativeTarget "T4OBJC" */;
			buildPhases = (
				459215BC1A5AA9B3009C1D10 /* Sources */,
				459215BD1A5AA9B3009C1D10 /* Frameworks */,
				459215BE1A5AA9B3009C1D10 /* CopyFiles */,
			);
			buildRules = (
			);
			dependencies = (
			);
			name = T4OBJC;
			productName = T4OBJC;
			productReference = 459215C01A5AA9B3009C1D10 /* T4OBJC */;
			productType = "com.apple.product-type.tool";
		};
		459215CA1A5AA9BD009C1D10 /* T5C++ */ = {
			isa = PBXNativeTarget;
			buildConfigurationList = 459215CF1A5AA9BD009C1D10 /* Build configuration list for PBXNativeTarget "T5C++" */;
			buildPhases = (
				459215C71A5AA9BD009C1D10 /* Sources */,
				459215C81A5AA9BD009C1D10 /* Frameworks */,
				459215C91A5AA9BD009C1D10 /* CopyFiles */,
			);
			buildRules = (
			);
			dependencies = (
			);
			name = "T5C++";
			productName = "T5C++";
			productReference = 459215CB1A5AA9BD009C1D10 /* T5C++ */;
			productType = "com.apple.product-type.tool";
		};
/* End PBXNativeTarget section */

/* Begin PBXProject section */
		459215261A5AA291009C1D10 /* Project object */ = {
			isa = PBXProject;
			attributes = {
				LastUpgradeCheck = 0610;
				TargetAttributes = {
					4592155C1A5AA2D6009C1D10 = {
						CreatedOnToolsVersion = 6.1.1;
					};
					459215671A5AA2DB009C1D10 = {
						CreatedOnToolsVersion = 6.1.1;
					};
					459215721A5AA2EB009C1D10 = {
						CreatedOnToolsVersion = 6.1.1;
					};
					459215AC1A5AA512009C1D10 = {
						CreatedOnToolsVersion = 6.1.1;
					};
					459215BF1A5AA9B3009C1D10 = {
						CreatedOnToolsVersion = 6.1.1;
					};
					459215CA1A5AA9BD009C1D10 = {
						CreatedOnToolsVersion = 6.1.1;
					};
				};
			};
			buildConfigurationList = 459215291A5AA291009C1D10 /* Build configuration list for PBXProject "PerfComp1" */;
			compatibilityVersion = "Xcode 3.2";
			developmentRegion = English;
			hasScannedForEncodings = 0;
			knownRegions = (
				en,
			);
			mainGroup = 459215251A5AA291009C1D10;
			productRefGroup = 459215311A5AA298009C1D10 /* Products */;
			projectDirPath = "";
			projectRoot = "";
			targets = (
				4592155C1A5AA2D6009C1D10 /* T1Swift */,
				459215671A5AA2DB009C1D10 /* T2Swift */,
				459215721A5AA2EB009C1D10 /* T3OBJC */,
				459215BF1A5AA9B3009C1D10 /* T4OBJC */,
				459215CA1A5AA9BD009C1D10 /* T5C++ */,
				459215AC1A5AA512009C1D10 /* TestAll */,
			);
		};
/* End PBXProject section */

/* Begin PBXSourcesBuildPhase section */
		459215591A5AA2D6009C1D10 /* Sources */ = {
			isa = PBXSourcesBuildPhase;
			buildActionMask = 2147483647;
			files = (
				459215601A5AA2D7009C1D10 /* main.swift in Sources */,
			);
			runOnlyForDeploymentPostprocessing = 0;
		};
		459215641A5AA2DB009C1D10 /* Sources */ = {
			isa = PBXSourcesBuildPhase;
			buildActionMask = 2147483647;
			files = (
				4592156B1A5AA2DC009C1D10 /* main.swift in Sources */,
			);
			runOnlyForDeploymentPostprocessing = 0;
		};
		4592156F1A5AA2EB009C1D10 /* Sources */ = {
			isa = PBXSourcesBuildPhase;
			buildActionMask = 2147483647;
			files = (
				459215761A5AA2EB009C1D10 /* main.m in Sources */,
			);
			runOnlyForDeploymentPostprocessing = 0;
		};
		459215A91A5AA512009C1D10 /* Sources */ = {
			isa = PBXSourcesBuildPhase;
			buildActionMask = 2147483647;
			files = (
				459215B01A5AA512009C1D10 /* main.swift in Sources */,
			);
			runOnlyForDeploymentPostprocessing = 0;
		};
		459215BC1A5AA9B3009C1D10 /* Sources */ = {
			isa = PBXSourcesBuildPhase;
			buildActionMask = 2147483647;
			files = (
				459215C31A5AA9B3009C1D10 /* main.m in Sources */,
			);
			runOnlyForDeploymentPostprocessing = 0;
		};
		459215C71A5AA9BD009C1D10 /* Sources */ = {
			isa = PBXSourcesBuildPhase;
			buildActionMask = 2147483647;
			files = (
				459215CE1A5AA9BD009C1D10 /* main.cpp in Sources */,
			);
			runOnlyForDeploymentPostprocessing = 0;
		};
/* End PBXSourcesBuildPhase section */

/* Begin PBXTargetDependency section */
		4542B68E1A5AAC2D009E0C6F /* PBXTargetDependency */ = {
			isa = PBXTargetDependency;
			target = 459215BF1A5AA9B3009C1D10 /* T4OBJC */;
			targetProxy = 4542B68D1A5AAC2D009E0C6F /* PBXContainerItemProxy */;
		};
		4542B6901A5AAC2D009E0C6F /* PBXTargetDependency */ = {
			isa = PBXTargetDependency;
			target = 459215CA1A5AA9BD009C1D10 /* T5C++ */;
			targetProxy = 4542B68F1A5AAC2D009E0C6F /* PBXContainerItemProxy */;
		};
		459215B51A5AA599009C1D10 /* PBXTargetDependency */ = {
			isa = PBXTargetDependency;
			target = 4592155C1A5AA2D6009C1D10 /* T1Swift */;
			targetProxy = 459215B41A5AA599009C1D10 /* PBXContainerItemProxy */;
		};
		459215B71A5AA599009C1D10 /* PBXTargetDependency */ = {
			isa = PBXTargetDependency;
			target = 459215671A5AA2DB009C1D10 /* T2Swift */;
			targetProxy = 459215B61A5AA599009C1D10 /* PBXContainerItemProxy */;
		};
		459215B91A5AA599009C1D10 /* PBXTargetDependency */ = {
			isa = PBXTargetDependency;
			target = 459215721A5AA2EB009C1D10 /* T3OBJC */;
			targetProxy = 459215B81A5AA599009C1D10 /* PBXContainerItemProxy */;
		};
/* End PBXTargetDependency section */

/* Begin XCBuildConfiguration section */
		4592152A1A5AA291009C1D10 /* Debug */ = {
			isa = XCBuildConfiguration;
			buildSettings = {
			};
			name = Debug;
		};
		4592152B1A5AA291009C1D10 /* Release */ = {
			isa = XCBuildConfiguration;
			buildSettings = {
			};
			name = Release;
		};
		459215621A5AA2D7009C1D10 /* Debug */ = {
			isa = XCBuildConfiguration;
			buildSettings = {
				ALWAYS_SEARCH_USER_PATHS = NO;
				CLANG_CXX_LANGUAGE_STANDARD = "gnu++0x";
				CLANG_CXX_LIBRARY = "libc++";
				CLANG_ENABLE_MODULES = YES;
				CLANG_ENABLE_OBJC_ARC = YES;
				CLANG_WARN_BOOL_CONVERSION = YES;
				CLANG_WARN_CONSTANT_CONVERSION = YES;
				CLANG_WARN_DIRECT_OBJC_ISA_USAGE = YES_ERROR;
				CLANG_WARN_EMPTY_BODY = YES;
				CLANG_WARN_ENUM_CONVERSION = YES;
				CLANG_WARN_INT_CONVERSION = YES;
				CLANG_WARN_OBJC_ROOT_CLASS = YES_ERROR;
				CLANG_WARN_UNREACHABLE_CODE = YES;
				CLANG_WARN__DUPLICATE_METHOD_MATCH = YES;
				COPY_PHASE_STRIP = NO;
				ENABLE_STRICT_OBJC_MSGSEND = YES;
				GCC_C_LANGUAGE_STANDARD = gnu99;
				GCC_DYNAMIC_NO_PIC = NO;
				GCC_OPTIMIZATION_LEVEL = 0;
				GCC_PREPROCESSOR_DEFINITIONS = (
					"DEBUG=1",
					"$(inherited)",
				);
				GCC_SYMBOLS_PRIVATE_EXTERN = NO;
				GCC_WARN_64_TO_32_BIT_CONVERSION = YES;
				GCC_WARN_ABOUT_RETURN_TYPE = YES_ERROR;
				GCC_WARN_UNDECLARED_SELECTOR = YES;
				GCC_WARN_UNINITIALIZED_AUTOS = YES_AGGRESSIVE;
				GCC_WARN_UNUSED_FUNCTION = YES;
				GCC_WARN_UNUSED_VARIABLE = YES;
				MACOSX_DEPLOYMENT_TARGET = 10.10;
				MTL_ENABLE_DEBUG_INFO = YES;
				ONLY_ACTIVE_ARCH = YES;
				PRODUCT_NAME = "$(TARGET_NAME)";
				SDKROOT = macosx;
				SWIFT_OPTIMIZATION_LEVEL = "-Onone";
			};
			name = Debug;
		};
		459215631A5AA2D7009C1D10 /* Release */ = {
			isa = XCBuildConfiguration;
			buildSettings = {
				ALWAYS_SEARCH_USER_PATHS = NO;
				CLANG_CXX_LANGUAGE_STANDARD = "gnu++0x";
				CLANG_CXX_LIBRARY = "libc++";
				CLANG_ENABLE_MODULES = YES;
				CLANG_ENABLE_OBJC_ARC = YES;
				CLANG_WARN_BOOL_CONVERSION = YES;
				CLANG_WARN_CONSTANT_CONVERSION = YES;
				CLANG_WARN_DIRECT_OBJC_ISA_USAGE = YES_ERROR;
				CLANG_WARN_EMPTY_BODY = YES;
				CLANG_WARN_ENUM_CONVERSION = YES;
				CLANG_WARN_INT_CONVERSION = YES;
				CLANG_WARN_OBJC_ROOT_CLASS = YES_ERROR;
				CLANG_WARN_UNREACHABLE_CODE = YES;
				CLANG_WARN__DUPLICATE_METHOD_MATCH = YES;
				COPY_PHASE_STRIP = YES;
				DEBUG_INFORMATION_FORMAT = "dwarf-with-dsym";
				ENABLE_NS_ASSERTIONS = NO;
				ENABLE_STRICT_OBJC_MSGSEND = YES;
				GCC_C_LANGUAGE_STANDARD = gnu99;
				GCC_WARN_64_TO_32_BIT_CONVERSION = YES;
				GCC_WARN_ABOUT_RETURN_TYPE = YES_ERROR;
				GCC_WARN_UNDECLARED_SELECTOR = YES;
				GCC_WARN_UNINITIALIZED_AUTOS = YES_AGGRESSIVE;
				GCC_WARN_UNUSED_FUNCTION = YES;
				GCC_WARN_UNUSED_VARIABLE = YES;
				MACOSX_DEPLOYMENT_TARGET = 10.10;
				MTL_ENABLE_DEBUG_INFO = NO;
				PRODUCT_NAME = "$(TARGET_NAME)";
				SDKROOT = macosx;
			};
			name = Release;
		};
		4592156D1A5AA2DC009C1D10 /* Debug */ = {
			isa = XCBuildConfiguration;
			buildSettings = {
				ALWAYS_SEARCH_USER_PATHS = NO;
				CLANG_CXX_LANGUAGE_STANDARD = "gnu++0x";
				CLANG_CXX_LIBRARY = "libc++";
				CLANG_ENABLE_MODULES = YES;
				CLANG_ENABLE_OBJC_ARC = YES;
				CLANG_WARN_BOOL_CONVERSION = YES;
				CLANG_WARN_CONSTANT_CONVERSION = YES;
				CLANG_WARN_DIRECT_OBJC_ISA_USAGE = YES_ERROR;
				CLANG_WARN_EMPTY_BODY = YES;
				CLANG_WARN_ENUM_CONVERSION = YES;
				CLANG_WARN_INT_CONVERSION = YES;
				CLANG_WARN_OBJC_ROOT_CLASS = YES_ERROR;
				CLANG_WARN_UNREACHABLE_CODE = YES;
				CLANG_WARN__DUPLICATE_METHOD_MATCH = YES;
				COPY_PHASE_STRIP = NO;
				ENABLE_STRICT_OBJC_MSGSEND = YES;
				GCC_C_LANGUAGE_STANDARD = gnu99;
				GCC_DYNAMIC_NO_PIC = NO;
				GCC_OPTIMIZATION_LEVEL = 0;
				GCC_PREPROCESSOR_DEFINITIONS = (
					"DEBUG=1",
					"$(inherited)",
				);
				GCC_SYMBOLS_PRIVATE_EXTERN = NO;
				GCC_WARN_64_TO_32_BIT_CONVERSION = YES;
				GCC_WARN_ABOUT_RETURN_TYPE = YES_ERROR;
				GCC_WARN_UNDECLARED_SELECTOR = YES;
				GCC_WARN_UNINITIALIZED_AUTOS = YES_AGGRESSIVE;
				GCC_WARN_UNUSED_FUNCTION = YES;
				GCC_WARN_UNUSED_VARIABLE = YES;
				MACOSX_DEPLOYMENT_TARGET = 10.10;
				MTL_ENABLE_DEBUG_INFO = YES;
				ONLY_ACTIVE_ARCH = YES;
				PRODUCT_NAME = "$(TARGET_NAME)";
				SDKROOT = macosx;
				SWIFT_OPTIMIZATION_LEVEL = "-Onone";
			};
			name = Debug;
		};
		4592156E1A5AA2DC009C1D10 /* Release */ = {
			isa = XCBuildConfiguration;
			buildSettings = {
				ALWAYS_SEARCH_USER_PATHS = NO;
				CLANG_CXX_LANGUAGE_STANDARD = "gnu++0x";
				CLANG_CXX_LIBRARY = "libc++";
				CLANG_ENABLE_MODULES = YES;
				CLANG_ENABLE_OBJC_ARC = YES;
				CLANG_WARN_BOOL_CONVERSION = YES;
				CLANG_WARN_CONSTANT_CONVERSION = YES;
				CLANG_WARN_DIRECT_OBJC_ISA_USAGE = YES_ERROR;
				CLANG_WARN_EMPTY_BODY = YES;
				CLANG_WARN_ENUM_CONVERSION = YES;
				CLANG_WARN_INT_CONVERSION = YES;
				CLANG_WARN_OBJC_ROOT_CLASS = YES_ERROR;
				CLANG_WARN_UNREACHABLE_CODE = YES;
				CLANG_WARN__DUPLICATE_METHOD_MATCH = YES;
				COPY_PHASE_STRIP = YES;
				DEBUG_INFORMATION_FORMAT = "dwarf-with-dsym";
				ENABLE_NS_ASSERTIONS = NO;
				ENABLE_STRICT_OBJC_MSGSEND = YES;
				GCC_C_LANGUAGE_STANDARD = gnu99;
				GCC_WARN_64_TO_32_BIT_CONVERSION = YES;
				GCC_WARN_ABOUT_RETURN_TYPE = YES_ERROR;
				GCC_WARN_UNDECLARED_SELECTOR = YES;
				GCC_WARN_UNINITIALIZED_AUTOS = YES_AGGRESSIVE;
				GCC_WARN_UNUSED_FUNCTION = YES;
				GCC_WARN_UNUSED_VARIABLE = YES;
				MACOSX_DEPLOYMENT_TARGET = 10.10;
				MTL_ENABLE_DEBUG_INFO = NO;
				PRODUCT_NAME = "$(TARGET_NAME)";
				SDKROOT = macosx;
				SWIFT_OPTIMIZATION_LEVEL = "-Ounchecked";
			};
			name = Release;
		};
		459215781A5AA2EB009C1D10 /* Debug */ = {
			isa = XCBuildConfiguration;
			buildSettings = {
				ALWAYS_SEARCH_USER_PATHS = NO;
				CLANG_CXX_LANGUAGE_STANDARD = "gnu++0x";
				CLANG_CXX_LIBRARY = "libc++";
				CLANG_ENABLE_MODULES = YES;
				CLANG_ENABLE_OBJC_ARC = YES;
				CLANG_WARN_BOOL_CONVERSION = YES;
				CLANG_WARN_CONSTANT_CONVERSION = YES;
				CLANG_WARN_DIRECT_OBJC_ISA_USAGE = YES_ERROR;
				CLANG_WARN_EMPTY_BODY = YES;
				CLANG_WARN_ENUM_CONVERSION = YES;
				CLANG_WARN_INT_CONVERSION = YES;
				CLANG_WARN_OBJC_ROOT_CLASS = YES_ERROR;
				CLANG_WARN_UNREACHABLE_CODE = YES;
				CLANG_WARN__DUPLICATE_METHOD_MATCH = YES;
				COPY_PHASE_STRIP = NO;
				ENABLE_STRICT_OBJC_MSGSEND = YES;
				GCC_C_LANGUAGE_STANDARD = gnu99;
				GCC_DYNAMIC_NO_PIC = NO;
				GCC_OPTIMIZATION_LEVEL = 0;
				GCC_PREPROCESSOR_DEFINITIONS = (
					"DEBUG=1",
					"$(inherited)",
				);
				GCC_SYMBOLS_PRIVATE_EXTERN = NO;
				GCC_WARN_64_TO_32_BIT_CONVERSION = YES;
				GCC_WARN_ABOUT_RETURN_TYPE = YES_ERROR;
				GCC_WARN_UNDECLARED_SELECTOR = YES;
				GCC_WARN_UNINITIALIZED_AUTOS = YES_AGGRESSIVE;
				GCC_WARN_UNUSED_FUNCTION = YES;
				GCC_WARN_UNUSED_VARIABLE = YES;
				MACOSX_DEPLOYMENT_TARGET = 10.10;
				MTL_ENABLE_DEBUG_INFO = YES;
				ONLY_ACTIVE_ARCH = YES;
				PRODUCT_NAME = "$(TARGET_NAME)";
				SDKROOT = macosx;
			};
			name = Debug;
		};
		459215791A5AA2EB009C1D10 /* Release */ = {
			isa = XCBuildConfiguration;
			buildSettings = {
				ALWAYS_SEARCH_USER_PATHS = NO;
				CLANG_CXX_LANGUAGE_STANDARD = "gnu++0x";
				CLANG_CXX_LIBRARY = "libc++";
				CLANG_ENABLE_MODULES = YES;
				CLANG_ENABLE_OBJC_ARC = YES;
				CLANG_WARN_BOOL_CONVERSION = YES;
				CLANG_WARN_CONSTANT_CONVERSION = YES;
				CLANG_WARN_DIRECT_OBJC_ISA_USAGE = YES_ERROR;
				CLANG_WARN_EMPTY_BODY = YES;
				CLANG_WARN_ENUM_CONVERSION = YES;
				CLANG_WARN_INT_CONVERSION = YES;
				CLANG_WARN_OBJC_ROOT_CLASS = YES_ERROR;
				CLANG_WARN_UNREACHABLE_CODE = YES;
				CLANG_WARN__DUPLICATE_METHOD_MATCH = YES;
				COPY_PHASE_STRIP = YES;
				DEBUG_INFORMATION_FORMAT = "dwarf-with-dsym";
				ENABLE_NS_ASSERTIONS = NO;
				ENABLE_STRICT_OBJC_MSGSEND = YES;
				GCC_C_LANGUAGE_STANDARD = gnu99;
				GCC_WARN_64_TO_32_BIT_CONVERSION = YES;
				GCC_WARN_ABOUT_RETURN_TYPE = YES_ERROR;
				GCC_WARN_UNDECLARED_SELECTOR = YES;
				GCC_WARN_UNINITIALIZED_AUTOS = YES_AGGRESSIVE;
				GCC_WARN_UNUSED_FUNCTION = YES;
				GCC_WARN_UNUSED_VARIABLE = YES;
				MACOSX_DEPLOYMENT_TARGET = 10.10;
				MTL_ENABLE_DEBUG_INFO = NO;
				PRODUCT_NAME = "$(TARGET_NAME)";
				SDKROOT = macosx;
			};
			name = Release;
		};
		459215B21A5AA512009C1D10 /* Debug */ = {
			isa = XCBuildConfiguration;
			buildSettings = {
				ALWAYS_SEARCH_USER_PATHS = NO;
				CLANG_CXX_LANGUAGE_STANDARD = "gnu++0x";
				CLANG_CXX_LIBRARY = "libc++";
				CLANG_ENABLE_MODULES = YES;
				CLANG_ENABLE_OBJC_ARC = YES;
				CLANG_WARN_BOOL_CONVERSION = YES;
				CLANG_WARN_CONSTANT_CONVERSION = YES;
				CLANG_WARN_DIRECT_OBJC_ISA_USAGE = YES_ERROR;
				CLANG_WARN_EMPTY_BODY = YES;
				CLANG_WARN_ENUM_CONVERSION = YES;
				CLANG_WARN_INT_CONVERSION = YES;
				CLANG_WARN_OBJC_ROOT_CLASS = YES_ERROR;
				CLANG_WARN_UNREACHABLE_CODE = YES;
				CLANG_WARN__DUPLICATE_METHOD_MATCH = YES;
				COPY_PHASE_STRIP = NO;
				ENABLE_STRICT_OBJC_MSGSEND = YES;
				GCC_C_LANGUAGE_STANDARD = gnu99;
				GCC_DYNAMIC_NO_PIC = NO;
				GCC_OPTIMIZATION_LEVEL = 0;
				GCC_PREPROCESSOR_DEFINITIONS = (
					"DEBUG=1",
					"$(inherited)",
				);
				GCC_SYMBOLS_PRIVATE_EXTERN = NO;
				GCC_WARN_64_TO_32_BIT_CONVERSION = YES;
				GCC_WARN_ABOUT_RETURN_TYPE = YES_ERROR;
				GCC_WARN_UNDECLARED_SELECTOR = YES;
				GCC_WARN_UNINITIALIZED_AUTOS = YES_AGGRESSIVE;
				GCC_WARN_UNUSED_FUNCTION = YES;
				GCC_WARN_UNUSED_VARIABLE = YES;
				MACOSX_DEPLOYMENT_TARGET = 10.10;
				MTL_ENABLE_DEBUG_INFO = YES;
				ONLY_ACTIVE_ARCH = YES;
				PRODUCT_NAME = "$(TARGET_NAME)";
				SDKROOT = macosx;
				SWIFT_OPTIMIZATION_LEVEL = "-Onone";
			};
			name = Debug;
		};
		459215B31A5AA512009C1D10 /* Release */ = {
			isa = XCBuildConfiguration;
			buildSettings = {
				ALWAYS_SEARCH_USER_PATHS = NO;
				CLANG_CXX_LANGUAGE_STANDARD = "gnu++0x";
				CLANG_CXX_LIBRARY = "libc++";
				CLANG_ENABLE_MODULES = YES;
				CLANG_ENABLE_OBJC_ARC = YES;
				CLANG_WARN_BOOL_CONVERSION = YES;
				CLANG_WARN_CONSTANT_CONVERSION = YES;
				CLANG_WARN_DIRECT_OBJC_ISA_USAGE = YES_ERROR;
				CLANG_WARN_EMPTY_BODY = YES;
				CLANG_WARN_ENUM_CONVERSION = YES;
				CLANG_WARN_INT_CONVERSION = YES;
				CLANG_WARN_OBJC_ROOT_CLASS = YES_ERROR;
				CLANG_WARN_UNREACHABLE_CODE = YES;
				CLANG_WARN__DUPLICATE_METHOD_MATCH = YES;
				COPY_PHASE_STRIP = YES;
				DEBUG_INFORMATION_FORMAT = "dwarf-with-dsym";
				ENABLE_NS_ASSERTIONS = NO;
				ENABLE_STRICT_OBJC_MSGSEND = YES;
				GCC_C_LANGUAGE_STANDARD = gnu99;
				GCC_WARN_64_TO_32_BIT_CONVERSION = YES;
				GCC_WARN_ABOUT_RETURN_TYPE = YES_ERROR;
				GCC_WARN_UNDECLARED_SELECTOR = YES;
				GCC_WARN_UNINITIALIZED_AUTOS = YES_AGGRESSIVE;
				GCC_WARN_UNUSED_FUNCTION = YES;
				GCC_WARN_UNUSED_VARIABLE = YES;
				MACOSX_DEPLOYMENT_TARGET = 10.10;
				MTL_ENABLE_DEBUG_INFO = NO;
				PRODUCT_NAME = "$(TARGET_NAME)";
				SDKROOT = macosx;
			};
			name = Release;
		};
		459215C51A5AA9B3009C1D10 /* Debug */ = {
			isa = XCBuildConfiguration;
			buildSettings = {
				ALWAYS_SEARCH_USER_PATHS = NO;
				CLANG_CXX_LANGUAGE_STANDARD = "gnu++0x";
				CLANG_CXX_LIBRARY = "libc++";
				CLANG_ENABLE_MODULES = YES;
				CLANG_ENABLE_OBJC_ARC = YES;
				CLANG_WARN_BOOL_CONVERSION = YES;
				CLANG_WARN_CONSTANT_CONVERSION = YES;
				CLANG_WARN_DIRECT_OBJC_ISA_USAGE = YES_ERROR;
				CLANG_WARN_EMPTY_BODY = YES;
				CLANG_WARN_ENUM_CONVERSION = YES;
				CLANG_WARN_INT_CONVERSION = YES;
				CLANG_WARN_OBJC_ROOT_CLASS = YES_ERROR;
				CLANG_WARN_UNREACHABLE_CODE = YES;
				CLANG_WARN__DUPLICATE_METHOD_MATCH = YES;
				COPY_PHASE_STRIP = NO;
				ENABLE_STRICT_OBJC_MSGSEND = YES;
				GCC_C_LANGUAGE_STANDARD = gnu99;
				GCC_DYNAMIC_NO_PIC = NO;
				GCC_OPTIMIZATION_LEVEL = 0;
				GCC_PREPROCESSOR_DEFINITIONS = (
					"DEBUG=1",
					"$(inherited)",
				);
				GCC_SYMBOLS_PRIVATE_EXTERN = NO;
				GCC_WARN_64_TO_32_BIT_CONVERSION = YES;
				GCC_WARN_ABOUT_RETURN_TYPE = YES_ERROR;
				GCC_WARN_UNDECLARED_SELECTOR = YES;
				GCC_WARN_UNINITIALIZED_AUTOS = YES_AGGRESSIVE;
				GCC_WARN_UNUSED_FUNCTION = YES;
				GCC_WARN_UNUSED_VARIABLE = YES;
				MACOSX_DEPLOYMENT_TARGET = 10.10;
				MTL_ENABLE_DEBUG_INFO = YES;
				ONLY_ACTIVE_ARCH = YES;
				PRODUCT_NAME = "$(TARGET_NAME)";
				SDKROOT = macosx;
			};
			name = Debug;
		};
		459215C61A5AA9B3009C1D10 /* Release */ = {
			isa = XCBuildConfiguration;
			buildSettings = {
				ALWAYS_SEARCH_USER_PATHS = NO;
				CLANG_CXX_LANGUAGE_STANDARD = "gnu++0x";
				CLANG_CXX_LIBRARY = "libc++";
				CLANG_ENABLE_MODULES = YES;
				CLANG_ENABLE_OBJC_ARC = YES;
				CLANG_WARN_BOOL_CONVERSION = YES;
				CLANG_WARN_CONSTANT_CONVERSION = YES;
				CLANG_WARN_DIRECT_OBJC_ISA_USAGE = YES_ERROR;
				CLANG_WARN_EMPTY_BODY = YES;
				CLANG_WARN_ENUM_CONVERSION = YES;
				CLANG_WARN_INT_CONVERSION = YES;
				CLANG_WARN_OBJC_ROOT_CLASS = YES_ERROR;
				CLANG_WARN_UNREACHABLE_CODE = YES;
				CLANG_WARN__DUPLICATE_METHOD_MATCH = YES;
				COPY_PHASE_STRIP = YES;
				DEBUG_INFORMATION_FORMAT = "dwarf-with-dsym";
				ENABLE_NS_ASSERTIONS = NO;
				ENABLE_STRICT_OBJC_MSGSEND = YES;
				GCC_C_LANGUAGE_STANDARD = gnu99;
				GCC_WARN_64_TO_32_BIT_CONVERSION = YES;
				GCC_WARN_ABOUT_RETURN_TYPE = YES_ERROR;
				GCC_WARN_UNDECLARED_SELECTOR = YES;
				GCC_WARN_UNINITIALIZED_AUTOS = YES_AGGRESSIVE;
				GCC_WARN_UNUSED_FUNCTION = YES;
				GCC_WARN_UNUSED_VARIABLE = YES;
				MACOSX_DEPLOYMENT_TARGET = 10.10;
				MTL_ENABLE_DEBUG_INFO = NO;
				PRODUCT_NAME = "$(TARGET_NAME)";
				SDKROOT = macosx;
			};
			name = Release;
		};
		459215D01A5AA9BD009C1D10 /* Debug */ = {
			isa = XCBuildConfiguration;
			buildSettings = {
				ALWAYS_SEARCH_USER_PATHS = NO;
				CLANG_CXX_LANGUAGE_STANDARD = "gnu++0x";
				CLANG_CXX_LIBRARY = "libc++";
				CLANG_ENABLE_MODULES = YES;
				CLANG_ENABLE_OBJC_ARC = YES;
				CLANG_WARN_BOOL_CONVERSION = YES;
				CLANG_WARN_CONSTANT_CONVERSION = YES;
				CLANG_WARN_DIRECT_OBJC_ISA_USAGE = YES_ERROR;
				CLANG_WARN_EMPTY_BODY = YES;
				CLANG_WARN_ENUM_CONVERSION = YES;
				CLANG_WARN_INT_CONVERSION = YES;
				CLANG_WARN_OBJC_ROOT_CLASS = YES_ERROR;
				CLANG_WARN_UNREACHABLE_CODE = YES;
				CLANG_WARN__DUPLICATE_METHOD_MATCH = YES;
				COPY_PHASE_STRIP = NO;
				ENABLE_STRICT_OBJC_MSGSEND = YES;
				GCC_C_LANGUAGE_STANDARD = gnu99;
				GCC_DYNAMIC_NO_PIC = NO;
				GCC_OPTIMIZATION_LEVEL = 0;
				GCC_PREPROCESSOR_DEFINITIONS = (
					"DEBUG=1",
					"$(inherited)",
				);
				GCC_SYMBOLS_PRIVATE_EXTERN = NO;
				GCC_WARN_64_TO_32_BIT_CONVERSION = YES;
				GCC_WARN_ABOUT_RETURN_TYPE = YES_ERROR;
				GCC_WARN_UNDECLARED_SELECTOR = YES;
				GCC_WARN_UNINITIALIZED_AUTOS = YES_AGGRESSIVE;
				GCC_WARN_UNUSED_FUNCTION = YES;
				GCC_WARN_UNUSED_VARIABLE = YES;
				MACOSX_DEPLOYMENT_TARGET = 10.10;
				MTL_ENABLE_DEBUG_INFO = YES;
				ONLY_ACTIVE_ARCH = YES;
				PRODUCT_NAME = "$(TARGET_NAME)";
				SDKROOT = macosx;
			};
			name = Debug;
		};
		459215D11A5AA9BD009C1D10 /* Release */ = {
			isa = XCBuildConfiguration;
			buildSettings = {
				ALWAYS_SEARCH_USER_PATHS = NO;
				CLANG_CXX_LANGUAGE_STANDARD = "gnu++0x";
				CLANG_CXX_LIBRARY = "libc++";
				CLANG_ENABLE_MODULES = YES;
				CLANG_ENABLE_OBJC_ARC = YES;
				CLANG_WARN_BOOL_CONVERSION = YES;
				CLANG_WARN_CONSTANT_CONVERSION = YES;
				CLANG_WARN_DIRECT_OBJC_ISA_USAGE = YES_ERROR;
				CLANG_WARN_EMPTY_BODY = YES;
				CLANG_WARN_ENUM_CONVERSION = YES;
				CLANG_WARN_INT_CONVERSION = YES;
				CLANG_WARN_OBJC_ROOT_CLASS = YES_ERROR;
				CLANG_WARN_UNREACHABLE_CODE = YES;
				CLANG_WARN__DUPLICATE_METHOD_MATCH = YES;
				COPY_PHASE_STRIP = YES;
				DEBUG_INFORMATION_FORMAT = "dwarf-with-dsym";
				ENABLE_NS_ASSERTIONS = NO;
				ENABLE_STRICT_OBJC_MSGSEND = YES;
				GCC_C_LANGUAGE_STANDARD = gnu99;
				GCC_WARN_64_TO_32_BIT_CONVERSION = YES;
				GCC_WARN_ABOUT_RETURN_TYPE = YES_ERROR;
				GCC_WARN_UNDECLARED_SELECTOR = YES;
				GCC_WARN_UNINITIALIZED_AUTOS = YES_AGGRESSIVE;
				GCC_WARN_UNUSED_FUNCTION = YES;
				GCC_WARN_UNUSED_VARIABLE = YES;
				MACOSX_DEPLOYMENT_TARGET = 10.10;
				MTL_ENABLE_DEBUG_INFO = NO;
				PRODUCT_NAME = "$(TARGET_NAME)";
				SDKROOT = macosx;
			};
			name = Release;
		};
/* End XCBuildConfiguration section */

/* Begin XCConfigurationList section */
		459215291A5AA291009C1D10 /* Build configuration list for PBXProject "PerfComp1" */ = {
			isa = XCConfigurationList;
			buildConfigurations = (
				4592152A1A5AA291009C1D10 /* Debug */,
				4592152B1A5AA291009C1D10 /* Release */,
			);
			defaultConfigurationIsVisible = 0;
			defaultConfigurationName = Release;
		};
		459215611A5AA2D7009C1D10 /* Build configuration list for PBXNativeTarget "T1Swift" */ = {
			isa = XCConfigurationList;
			buildConfigurations = (
				459215621A5AA2D7009C1D10 /* Debug */,
				459215631A5AA2D7009C1D10 /* Release */,
			);
			defaultConfigurationIsVisible = 0;
			defaultConfigurationName = Release;
		};
		4592156C1A5AA2DC009C1D10 /* Build configuration list for PBXNativeTarget "T2Swift" */ = {
			isa = XCConfigurationList;
			buildConfigurations = (
				4592156D1A5AA2DC009C1D10 /* Debug */,
				4592156E1A5AA2DC009C1D10 /* Release */,
			);
			defaultConfigurationIsVisible = 0;
			defaultConfigurationName = Release;
		};
		459215771A5AA2EB009C1D10 /* Build configuration list for PBXNativeTarget "T3OBJC" */ = {
			isa = XCConfigurationList;
			buildConfigurations = (
				459215781A5AA2EB009C1D10 /* Debug */,
				459215791A5AA2EB009C1D10 /* Release */,
			);
			defaultConfigurationIsVisible = 0;
			defaultConfigurationName = Release;
		};
		459215B11A5AA512009C1D10 /* Build configuration list for PBXNativeTarget "TestAll" */ = {
			isa = XCConfigurationList;
			buildConfigurations = (
				459215B21A5AA512009C1D10 /* Debug */,
				459215B31A5AA512009C1D10 /* Release */,
			);
			defaultConfigurationIsVisible = 0;
			defaultConfigurationName = Release;
		};
		459215C41A5AA9B3009C1D10 /* Build configuration list for PBXNativeTarget "T4OBJC" */ = {
			isa = XCConfigurationList;
			buildConfigurations = (
				459215C51A5AA9B3009C1D10 /* Debug */,
				459215C61A5AA9B3009C1D10 /* Release */,
			);
			defaultConfigurationIsVisible = 0;
			defaultConfigurationName = Release;
		};
		459215CF1A5AA9BD009C1D10 /* Build configuration list for PBXNativeTarget "T5C++" */ = {
			isa = XCConfigurationList;
			buildConfigurations = (
				459215D01A5AA9BD009C1D10 /* Debug */,
				459215D11A5AA9BD009C1D10 /* Release */,
			);
			defaultConfigurationIsVisible = 0;
			defaultConfigurationName = Release;
		};
/* End XCConfigurationList section */
	};
	rootObject = 459215261A5AA291009C1D10 /* Project object */;
}
